{
  "name": "moviefinder-api",
  "version": "1.0.4",
  "lockfileVersion": 1,
  "requires": true,
  "dependencies": {
    "justwatch-api": {
      "version": "1.0.4",
      "resolved": "https://registry.npmjs.org/justwatch-api/-/justwatch-api-1.0.4.tgz",
      "integrity": "sha512-8YsfgtJ40MJNG1eYiJxfbFcQpQ8eY2knKCGEND0BkIS/4SKFcQkgcMT/xEcd5wMDtAE/c8JQCZXlfSxbaHzybg=="
    }
  }
}
